
Microsoft Visual Studio Solution File, Format Version 12.00
# Visual Studio Version 17
VisualStudioVersion = 17.5.002.0
MinimumVisualStudioVersion = 10.0.40219.1
Project("{9A19103F-16F7-4668-BE54-9A1E7A4F7556}") = "Nimap", "Nimap\Nimap.csproj", "{06E94E26-EF95-410D-AD1F-FE8D2B177BEE}"
EndProject
Global
	GlobalSection(SolutionConfigurationPlatforms) = preSolution
		Debug|Any CPU = Debug|Any CPU
		Release|Any CPU = Release|Any CPU
	EndGlobalSection
	GlobalSection(ProjectConfigurationPlatforms) = postSolution
		{06E94E26-EF95-410D-AD1F-FE8D2B177BEE}.Debug|Any CPU.ActiveCfg = Debug|Any CPU
		{06E94E26-EF95-410D-AD1F-FE8D2B177BEE}.Debug|Any CPU.Build.0 = Debug|Any CPU
		{06E94E26-EF95-410D-AD1F-FE8D2B177BEE}.Release|Any CPU.ActiveCfg = Release|Any CPU
		{06E94E26-EF95-410D-AD1F-FE8D2B177BEE}.Release|Any CPU.Build.0 = Release|Any CPU
	EndGlobalSection
	GlobalSection(SolutionProperties) = preSolution
		HideSolutionNode = FALSE
	EndGlobalSection
	GlobalSection(ExtensibilityGlobals) = postSolution
		SolutionGuid = {D5F948C5-B27A-47ED-A63D-5B33426E2986}
	EndGlobalSection
EndGlobal
